
Microsoft Visual Studio Solution File, Format Version 12.00
# Visual Studio Version 17
VisualStudioVersion = 17.6.33717.318
MinimumVisualStudioVersion = 10.0.40219.1
Project("{9A19103F-16F7-4668-BE54-9A1E7A4F7556}") = "FunctionSaga", "FunctionSaga\FunctionSaga.csproj", "{ADC1C456-B236-4D61-B2DD-BB021406A3F1}"
EndProject
Project("{9A19103F-16F7-4668-BE54-9A1E7A4F7556}") = "Shopping.Contracts", "Shopping.Contracts\Shopping.Contracts.csproj", "{AC12A9C5-7C33-4687-B236-6727922AE7EA}"
EndProject
Global
	GlobalSection(SolutionConfigurationPlatforms) = preSolution
		Debug|Any CPU = Debug|Any CPU
		Release|Any CPU = Release|Any CPU
	EndGlobalSection
	GlobalSection(ProjectConfigurationPlatforms) = postSolution
		{ADC1C456-B236-4D61-B2DD-BB021406A3F1}.Debug|Any CPU.ActiveCfg = Debug|Any CPU
		{ADC1C456-B236-4D61-B2DD-BB021406A3F1}.Debug|Any CPU.Build.0 = Debug|Any CPU
		{ADC1C456-B236-4D61-B2DD-BB021406A3F1}.Release|Any CPU.ActiveCfg = Release|Any CPU
		{ADC1C456-B236-4D61-B2DD-BB021406A3F1}.Release|Any CPU.Build.0 = Release|Any CPU
		{AC12A9C5-7C33-4687-B236-6727922AE7EA}.Debug|Any CPU.ActiveCfg = Debug|Any CPU
		{AC12A9C5-7C33-4687-B236-6727922AE7EA}.Debug|Any CPU.Build.0 = Debug|Any CPU
		{AC12A9C5-7C33-4687-B236-6727922AE7EA}.Release|Any CPU.ActiveCfg = Release|Any CPU
		{AC12A9C5-7C33-4687-B236-6727922AE7EA}.Release|Any CPU.Build.0 = Release|Any CPU
	EndGlobalSection
	GlobalSection(SolutionProperties) = preSolution
		HideSolutionNode = FALSE
	EndGlobalSection
	GlobalSection(ExtensibilityGlobals) = postSolution
		SolutionGuid = {F08909F9-4412-43FB-912C-A0FE98AC0419}
	EndGlobalSection
EndGlobal
